
Microsoft Visual Studio Solution File, Format Version 12.00
# Visual Studio Version 16
VisualStudioVersion = 16.0.31515.178
MinimumVisualStudioVersion = 10.0.40219.1
Project("{FAE04EC0-301F-11D3-BF4B-00C04F79EFBC}") = "mantis-tests-project", "mantis-tests-project\mantis-tests-project.csproj", "{21A22444-CE2F-4C4C-9722-C3E9636CBE05}"
EndProject
Global
	GlobalSection(SolutionConfigurationPlatforms) = preSolution
		Debug|Any CPU = Debug|Any CPU
		Release|Any CPU = Release|Any CPU
	EndGlobalSection
	GlobalSection(ProjectConfigurationPlatforms) = postSolution
		{21A22444-CE2F-4C4C-9722-C3E9636CBE05}.Debug|Any CPU.ActiveCfg = Debug|Any CPU
		{21A22444-CE2F-4C4C-9722-C3E9636CBE05}.Debug|Any CPU.Build.0 = Debug|Any CPU
		{21A22444-CE2F-4C4C-9722-C3E9636CBE05}.Release|Any CPU.ActiveCfg = Release|Any CPU
		{21A22444-CE2F-4C4C-9722-C3E9636CBE05}.Release|Any CPU.Build.0 = Release|Any CPU
	EndGlobalSection
	GlobalSection(SolutionProperties) = preSolution
		HideSolutionNode = FALSE
	EndGlobalSection
	GlobalSection(ExtensibilityGlobals) = postSolution
		SolutionGuid = {7026C992-A4D9-4FAA-85CA-B2FA27E4AACA}
	EndGlobalSection
EndGlobal
